
Microsoft Visual Studio Solution File, Format Version 12.00
# Visual Studio Version 16
VisualStudioVersion = 16.0.31702.278
MinimumVisualStudioVersion = 10.0.40219.1
Project("{9A19103F-16F7-4668-BE54-9A1E7A4F7556}") = "TopGoogleQuestions", "TopGoogleQuestions\TopGoogleQuestions.csproj", "{2312749B-C2C3-4658-8E48-2303A28E7688}"
EndProject
Project("{9A19103F-16F7-4668-BE54-9A1E7A4F7556}") = "GraphTheoryProblems", "GraphTheoryProblems\GraphTheoryProblems.csproj", "{7E4D36E3-B42E-4F85-941B-DCBADD0530B1}"
EndProject
Project("{9A19103F-16F7-4668-BE54-9A1E7A4F7556}") = "Blind75", "Blind75\Blind75.csproj", "{A3B7663E-FC35-4049-97E7-A72ADF2E6D51}"
EndProject
Project("{9A19103F-16F7-4668-BE54-9A1E7A4F7556}") = "LeetCode.DynamicProgramming", "..\LeetCode.DynamicProgramming\LeetCode.DynamicProgramming.csproj", "{BC727D51-D61C-4CF3-A430-BF5AACAC08DE}"
EndProject
Project("{FAE04EC0-301F-11D3-BF4B-00C04F79EFBC}") = "Leetcode.RandomQuestions", "Leetcode.RandomQuestions\Leetcode.RandomQuestions.csproj", "{5C1EB7EA-6752-4248-A1C7-8165AA9EF6E2}"
EndProject
Global
	GlobalSection(SolutionConfigurationPlatforms) = preSolution
		Debug|Any CPU = Debug|Any CPU
		Release|Any CPU = Release|Any CPU
	EndGlobalSection
	GlobalSection(ProjectConfigurationPlatforms) = postSolution
		{2312749B-C2C3-4658-8E48-2303A28E7688}.Debug|Any CPU.ActiveCfg = Debug|Any CPU
		{2312749B-C2C3-4658-8E48-2303A28E7688}.Debug|Any CPU.Build.0 = Debug|Any CPU
		{2312749B-C2C3-4658-8E48-2303A28E7688}.Release|Any CPU.ActiveCfg = Release|Any CPU
		{2312749B-C2C3-4658-8E48-2303A28E7688}.Release|Any CPU.Build.0 = Release|Any CPU
		{7E4D36E3-B42E-4F85-941B-DCBADD0530B1}.Debug|Any CPU.ActiveCfg = Debug|Any CPU
		{7E4D36E3-B42E-4F85-941B-DCBADD0530B1}.Debug|Any CPU.Build.0 = Debug|Any CPU
		{7E4D36E3-B42E-4F85-941B-DCBADD0530B1}.Release|Any CPU.ActiveCfg = Release|Any CPU
		{7E4D36E3-B42E-4F85-941B-DCBADD0530B1}.Release|Any CPU.Build.0 = Release|Any CPU
		{A3B7663E-FC35-4049-97E7-A72ADF2E6D51}.Debug|Any CPU.ActiveCfg = Debug|Any CPU
		{A3B7663E-FC35-4049-97E7-A72ADF2E6D51}.Debug|Any CPU.Build.0 = Debug|Any CPU
		{A3B7663E-FC35-4049-97E7-A72ADF2E6D51}.Release|Any CPU.ActiveCfg = Release|Any CPU
		{A3B7663E-FC35-4049-97E7-A72ADF2E6D51}.Release|Any CPU.Build.0 = Release|Any CPU
		{BC727D51-D61C-4CF3-A430-BF5AACAC08DE}.Debug|Any CPU.ActiveCfg = Debug|Any CPU
		{BC727D51-D61C-4CF3-A430-BF5AACAC08DE}.Debug|Any CPU.Build.0 = Debug|Any CPU
		{BC727D51-D61C-4CF3-A430-BF5AACAC08DE}.Release|Any CPU.ActiveCfg = Release|Any CPU
		{BC727D51-D61C-4CF3-A430-BF5AACAC08DE}.Release|Any CPU.Build.0 = Release|Any CPU
		{5C1EB7EA-6752-4248-A1C7-8165AA9EF6E2}.Debug|Any CPU.ActiveCfg = Debug|Any CPU
		{5C1EB7EA-6752-4248-A1C7-8165AA9EF6E2}.Debug|Any CPU.Build.0 = Debug|Any CPU
		{5C1EB7EA-6752-4248-A1C7-8165AA9EF6E2}.Release|Any CPU.ActiveCfg = Release|Any CPU
		{5C1EB7EA-6752-4248-A1C7-8165AA9EF6E2}.Release|Any CPU.Build.0 = Release|Any CPU
	EndGlobalSection
	GlobalSection(SolutionProperties) = preSolution
		HideSolutionNode = FALSE
	EndGlobalSection
	GlobalSection(ExtensibilityGlobals) = postSolution
		SolutionGuid = {2D935A8B-3D41-40D3-9869-CBAEA10895E3}
	EndGlobalSection
EndGlobal
